
Microsoft Visual Studio Solution File, Format Version 12.00
# Visual Studio 2012
Project("{FAE04EC0-301F-11D3-BF4B-00C04F79EFBC}") = "JqueryDemos", "JqueryDemos\JqueryDemos.csproj", "{17EB4159-1EB8-42CA-B143-4C8BEC5D117D}"
EndProject
Global
	GlobalSection(SolutionConfigurationPlatforms) = preSolution
		Debug|Any CPU = Debug|Any CPU
		Release|Any CPU = Release|Any CPU
	EndGlobalSection
	GlobalSection(ProjectConfigurationPlatforms) = postSolution
		{17EB4159-1EB8-42CA-B143-4C8BEC5D117D}.Debug|Any CPU.ActiveCfg = Debug|Any CPU
		{17EB4159-1EB8-42CA-B143-4C8BEC5D117D}.Debug|Any CPU.Build.0 = Debug|Any CPU
		{17EB4159-1EB8-42CA-B143-4C8BEC5D117D}.Release|Any CPU.ActiveCfg = Release|Any CPU
		{17EB4159-1EB8-42CA-B143-4C8BEC5D117D}.Release|Any CPU.Build.0 = Release|Any CPU
	EndGlobalSection
	GlobalSection(SolutionProperties) = preSolution
		HideSolutionNode = FALSE
	EndGlobalSection
EndGlobal
